// !$*UTF8*$!
{
	archiveVersion = 1;
	classes = {
	};
	objectVersion = 56;
	objects = {

/* Begin PBXBuildFile section */
		791840BF290949A90081977A /* multitaskingApp.swift in Sources */ = {isa = PBXBuildFile; fileRef = 791840BE290949A90081977A /* multitaskingApp.swift */; };
		791840C1290949A90081977A /* ContentView.swift in Sources */ = {isa = PBXBuildFile; fileRef = 791840C0290949A90081977A /* ContentView.swift */; };
		791840C3290949AA0081977A /* Assets.xcassets in Resources */ = {isa = PBXBuildFile; fileRef = 791840C2290949AA0081977A /* Assets.xcassets */; };
		791840C7290949AA0081977A /* Preview Assets.xcassets in Resources */ = {isa = PBXBuildFile; fileRef = 791840C6290949AA0081977A /* Preview Assets.xcassets */; };
		791840D1290949AA0081977A /* multitaskingTests.swift in Sources */ = {isa = PBXBuildFile; fileRef = 791840D0290949AA0081977A /* multitaskingTests.swift */; };
		791840DB290949AA0081977A /* multitaskingUITests.swift in Sources */ = {isa = PBXBuildFile; fileRef = 791840DA290949AA0081977A /* multitaskingUITests.swift */; };
		791840DD290949AA0081977A /* multitaskingUITestsLaunchTests.swift in Sources */ = {isa = PBXBuildFile; fileRef = 791840DC290949AA0081977A /* multitaskingUITestsLaunchTests.swift */; };
		791840EB290958B50081977A /* WebView in Frameworks */ = {isa = PBXBuildFile; productRef = 791840EA290958B50081977A /* WebView */; };
/* End PBXBuildFile section */

/* Begin PBXContainerItemProxy section */
		791840CD290949AA0081977A /* PBXContainerItemProxy */ = {
			isa = PBXContainerItemProxy;
			containerPortal = 791840B3290949A90081977A /* Project object */;
			proxyType = 1;
			remoteGlobalIDString = 791840BA290949A90081977A;
			remoteInfo = multitasking;
		};
		791840D7290949AA0081977A /* PBXContainerItemProxy */ = {
			isa = PBXContainerItemProxy;
			containerPortal = 791840B3290949A90081977A /* Project object */;
			proxyType = 1;
			remoteGlobalIDString = 791840BA290949A90081977A;
			remoteInfo = multitasking;
		};
/* End PBXContainerItemProxy section */

/* Begin PBXFileReference section */
		791840BB290949A90081977A /* multitasking.app */ = {isa = PBXFileReference; explicitFileType = wrapper.application; includeInIndex = 0; path = multitasking.app; sourceTree = BUILT_PRODUCTS_DIR; };
		791840BE290949A90081977A /* multitaskingApp.swift */ = {isa = PBXFileReference; lastKnownFileType = sourcecode.swift; path = multitaskingApp.swift; sourceTree = "<group>"; };
		791840C0290949A90081977A /* ContentView.swift */ = {isa = PBXFileReference; lastKnownFileType = sourcecode.swift; path = ContentView.swift; sourceTree = "<group>"; };
		791840C2290949AA0081977A /* Assets.xcassets */ = {isa = PBXFileReference; lastKnownFileType = folder.assetcatalog; path = Assets.xcassets; sourceTree = "<group>"; };
		791840C4290949AA0081977A /* multitasking.entitlements */ = {isa = PBXFileReference; lastKnownFileType = text.plist.entitlements; path = multitasking.entitlements; sourceTree = "<group>"; };
		791840C6290949AA0081977A /* Preview Assets.xcassets */ = {isa = PBXFileReference; lastKnownFileType = folder.assetcatalog; path = "Preview Assets.xcassets"; sourceTree = "<group>"; };
		791840CC290949AA0081977A /* multitaskingTests.xctest */ = {isa = PBXFileReference; explicitFileType = wrapper.cfbundle; includeInIndex = 0; path = multitaskingTests.xctest; sourceTree = BUILT_PRODUCTS_DIR; };
		791840D0290949AA0081977A /* multitaskingTests.swift */ = {isa = PBXFileReference; lastKnownFileType = sourcecode.swift; path = multitaskingTests.swift; sourceTree = "<group>"; };
		791840D6290949AA0081977A /* multitaskingUITests.xctest */ = {isa = PBXFileReference; explicitFileType = wrapper.cfbundle; includeInIndex = 0; path = multitaskingUITests.xctest; sourceTree = BUILT_PRODUCTS_DIR; };
		791840DA290949AA0081977A /* multitaskingUITests.swift */ = {isa = PBXFileReference; lastKnownFileType = sourcecode.swift; path = multitaskingUITests.swift; sourceTree = "<group>"; };
		791840DC290949AA0081977A /* multitaskingUITestsLaunchTests.swift */ = {isa = PBXFileReference; lastKnownFileType = sourcecode.swift; path = multitaskingUITestsLaunchTests.swift; sourceTree = "<group>"; };
/* End PBXFileReference section */

/* Begin PBXFrameworksBuildPhase section */
		791840B8290949A90081977A /* Frameworks */ = {
			isa = PBXFrameworksBuildPhase;
			buildActionMask = 2147483647;
			files = (
				791840EB290958B50081977A /* WebView in Frameworks */,
			);
			runOnlyForDeploymentPostprocessing = 0;
		};
		791840C9290949AA0081977A /* Frameworks */ = {
			isa = PBXFrameworksBuildPhase;
			buildActionMask = 2147483647;
			files = (
			);
			runOnlyForDeploymentPostprocessing = 0;
		};
		791840D3290949AA0081977A /* Frameworks */ = {
			isa = PBXFrameworksBuildPhase;
			buildActionMask = 2147483647;
			files = (
			);
			runOnlyForDeploymentPostprocessing = 0;
		};
/* End PBXFrameworksBuildPhase section */

/* Begin PBXGroup section */
		791840B2290949A90081977A = {
			isa = PBXGroup;
			children = (
				791840BD290949A90081977A /* multitasking */,
				791840CF290949AA0081977A /* multitaskingTests */,
				791840D9290949AA0081977A /* multitaskingUITests */,
				791840BC290949A90081977A /* Products */,
			);
			sourceTree = "<group>";
		};
		791840BC290949A90081977A /* Products */ = {
			isa = PBXGroup;
			children = (
				791840BB290949A90081977A /* multitasking.app */,
				791840CC290949AA0081977A /* multitaskingTests.xctest */,
				791840D6290949AA0081977A /* multitaskingUITests.xctest */,
			);
			name = Products;
			sourceTree = "<group>";
		};
		791840BD290949A90081977A /* multitasking */ = {
			isa = PBXGroup;
			children = (
				791840BE290949A90081977A /* multitaskingApp.swift */,
				791840C0290949A90081977A /* ContentView.swift */,
				791840C2290949AA0081977A /* Assets.xcassets */,
				791840C4290949AA0081977A /* multitasking.entitlements */,
				791840C5290949AA0081977A /* Preview Content */,
			);
			path = multitasking;
			sourceTree = "<group>";
		};
		791840C5290949AA0081977A /* Preview Content */ = {
			isa = PBXGroup;
			children = (
				791840C6290949AA0081977A /* Preview Assets.xcassets */,
			);
			path = "Preview Content";
			sourceTree = "<group>";
		};
		791840CF290949AA0081977A /* multitaskingTests */ = {
			isa = PBXGroup;
			children = (
				791840D0290949AA0081977A /* multitaskingTests.swift */,
			);
			path = multitaskingTests;
			sourceTree = "<group>";
		};
		791840D9290949AA0081977A /* multitaskingUITests */ = {
			isa = PBXGroup;
			children = (
				791840DA290949AA0081977A /* multitaskingUITests.swift */,
				791840DC290949AA0081977A /* multitaskingUITestsLaunchTests.swift */,
			);
			path = multitaskingUITests;
			sourceTree = "<group>";
		};
/* End PBXGroup section */

/* Begin PBXNativeTarget section */
		791840BA290949A90081977A /* multitasking */ = {
			isa = PBXNativeTarget;
			buildConfigurationList = 791840E0290949AA0081977A /* Build configuration list for PBXNativeTarget "multitasking" */;
			buildPhases = (
				791840B7290949A90081977A /* Sources */,
				791840B8290949A90081977A /* Frameworks */,
				791840B9290949A90081977A /* Resources */,
			);
			buildRules = (
			);
			dependencies = (
			);
			name = multitasking;
			packageProductDependencies = (
				791840EA290958B50081977A /* WebView */,
			);
			productName = multitasking;
			productReference = 791840BB290949A90081977A /* multitasking.app */;
			productType = "com.apple.product-type.application";
		};
		791840CB290949AA0081977A /* multitaskingTests */ = {
			isa = PBXNativeTarget;
			buildConfigurationList = 791840E3290949AA0081977A /* Build configuration list for PBXNativeTarget "multitaskingTests" */;
			buildPhases = (
				791840C8290949AA0081977A /* Sources */,
				791840C9290949AA0081977A /* Frameworks */,
				791840CA290949AA0081977A /* Resources */,
			);
			buildRules = (
			);
			dependencies = (
				791840CE290949AA0081977A /* PBXTargetDependency */,
			);
			name = multitaskingTests;
			productName = multitaskingTests;
			productReference = 791840CC290949AA0081977A /* multitaskingTests.xctest */;
			productType = "com.apple.product-type.bundle.unit-test";
		};
		791840D5290949AA0081977A /* multitaskingUITests */ = {
			isa = PBXNativeTarget;
			buildConfigurationList = 791840E6290949AA0081977A /* Build configuration list for PBXNativeTarget "multitaskingUITests" */;
			buildPhases = (
				791840D2290949AA0081977A /* Sources */,
				791840D3290949AA0081977A /* Frameworks */,
				791840D4290949AA0081977A /* Resources */,
			);
			buildRules = (
			);
			dependencies = (
				791840D8290949AA0081977A /* PBXTargetDependency */,
			);
			name = multitaskingUITests;
			productName = multitaskingUITests;
			productReference = 791840D6290949AA0081977A /* multitaskingUITests.xctest */;
			productType = "com.apple.product-type.bundle.ui-testing";
		};
/* End PBXNativeTarget section */

/* Begin PBXProject section */
		791840B3290949A90081977A /* Project object */ = {
			isa = PBXProject;
			attributes = {
				BuildIndependentTargetsInParallel = 1;
				LastSwiftUpdateCheck = 1400;
				LastUpgradeCheck = 1400;
				TargetAttributes = {
					791840BA290949A90081977A = {
						CreatedOnToolsVersion = 14.0.1;
					};
					791840CB290949AA0081977A = {
						CreatedOnToolsVersion = 14.0.1;
						TestTargetID = 791840BA290949A90081977A;
					};
					791840D5290949AA0081977A = {
						CreatedOnToolsVersion = 14.0.1;
						TestTargetID = 791840BA290949A90081977A;
					};
				};
			};
			buildConfigurationList = 791840B6290949A90081977A /* Build configuration list for PBXProject "multitasking" */;
			compatibilityVersion = "Xcode 14.0";
			developmentRegion = en;
			hasScannedForEncodings = 0;
			knownRegions = (
				en,
				Base,
			);
			mainGroup = 791840B2290949A90081977A;
			packageReferences = (
				791840E9290958B50081977A /* XCRemoteSwiftPackageReference "SwiftUI-WebView" */,
			);
			productRefGroup = 791840BC290949A90081977A /* Products */;
			projectDirPath = "";
			projectRoot = "";
			targets = (
				791840BA290949A90081977A /* multitasking */,
				791840CB290949AA0081977A /* multitaskingTests */,
				791840D5290949AA0081977A /* multitaskingUITests */,
			);
		};
/* End PBXProject section */

/* Begin PBXResourcesBuildPhase section */
		791840B9290949A90081977A /* Resources */ = {
			isa = PBXResourcesBuildPhase;
			buildActionMask = 2147483647;
			files = (
				791840C7290949AA0081977A /* Preview Assets.xcassets in Resources */,
				791840C3290949AA0081977A /* Assets.xcassets in Resources */,
			);
			runOnlyForDeploymentPostprocessing = 0;
		};
		791840CA290949AA0081977A /* Resources */ = {
			isa = PBXResourcesBuildPhase;
			buildActionMask = 2147483647;
			files = (
			);
			runOnlyForDeploymentPostprocessing = 0;
		};
		791840D4290949AA0081977A /* Resources */ = {
			isa = PBXResourcesBuildPhase;
			buildActionMask = 2147483647;
			files = (
			);
			runOnlyForDeploymentPostprocessing = 0;
		};
/* End PBXResourcesBuildPhase section */

/* Begin PBXSourcesBuildPhase section */
		791840B7290949A90081977A /* Sources */ = {
			isa = PBXSourcesBuildPhase;
			buildActionMask = 2147483647;
			files = (
				791840C1290949A90081977A /* ContentView.swift in Sources */,
				791840BF290949A90081977A /* multitaskingApp.swift in Sources */,
			);
			runOnlyForDeploymentPostprocessing = 0;
		};
		791840C8290949AA0081977A /* Sources */ = {
			isa = PBXSourcesBuildPhase;
			buildActionMask = 2147483647;
			files = (
				791840D1290949AA0081977A /* multitaskingTests.swift in Sources */,
			);
			runOnlyForDeploymentPostprocessing = 0;
		};
		791840D2290949AA0081977A /* Sources */ = {
			isa = PBXSourcesBuildPhase;
			buildActionMask = 2147483647;
			files = (
				791840DD290949AA0081977A /* multitaskingUITestsLaunchTests.swift in Sources */,
				791840DB290949AA0081977A /* multitaskingUITests.swift in Sources */,
			);
			runOnlyForDeploymentPostprocessing = 0;
		};
/* End PBXSourcesBuildPhase section */

/* Begin PBXTargetDependency section */
		791840CE290949AA0081977A /* PBXTargetDependency */ = {
			isa = PBXTargetDependency;
			target = 791840BA290949A90081977A /* multitasking */;
			targetProxy = 791840CD290949AA0081977A /* PBXContainerItemProxy */;
		};
		791840D8290949AA0081977A /* PBXTargetDependency */ = {
			isa = PBXTargetDependency;
			target = 791840BA290949A90081977A /* multitasking */;
			targetProxy = 791840D7290949AA0081977A /* PBXContainerItemProxy */;
		};
/* End PBXTargetDependency section */

/* Begin XCBuildConfiguration section */
		791840DE290949AA0081977A /* Debug */ = {
			isa = XCBuildConfiguration;
			buildSettings = {
				ALWAYS_SEARCH_USER_PATHS = NO;
				CLANG_ANALYZER_NONNULL = YES;
				CLANG_ANALYZER_NUMBER_OBJECT_CONVERSION = YES_AGGRESSIVE;
				CLANG_CXX_LANGUAGE_STANDARD = "gnu++20";
				CLANG_ENABLE_MODULES = YES;
				CLANG_ENABLE_OBJC_ARC = YES;
				CLANG_ENABLE_OBJC_WEAK = YES;
				CLANG_WARN_BLOCK_CAPTURE_AUTORELEASING = YES;
				CLANG_WARN_BOOL_CONVERSION = YES;
				CLANG_WARN_COMMA = YES;
				CLANG_WARN_CONSTANT_CONVERSION = YES;
				CLANG_WARN_DEPRECATED_OBJC_IMPLEMENTATIONS = YES;
				CLANG_WARN_DIRECT_OBJC_ISA_USAGE = YES_ERROR;
				CLANG_WARN_DOCUMENTATION_COMMENTS = YES;
				CLANG_WARN_EMPTY_BODY = YES;
				CLANG_WARN_ENUM_CONVERSION = YES;
				CLANG_WARN_INFINITE_RECURSION = YES;
				CLANG_WARN_INT_CONVERSION = YES;
				CLANG_WARN_NON_LITERAL_NULL_CONVERSION = YES;
				CLANG_WARN_OBJC_IMPLICIT_RETAIN_SELF = YES;
				CLANG_WARN_OBJC_LITERAL_CONVERSION = YES;
				CLANG_WARN_OBJC_ROOT_CLASS = YES_ERROR;
				CLANG_WARN_QUOTED_INCLUDE_IN_FRAMEWORK_HEADER = YES;
				CLANG_WARN_RANGE_LOOP_ANALYSIS = YES;
				CLANG_WARN_STRICT_PROTOTYPES = YES;
				CLANG_WARN_SUSPICIOUS_MOVE = YES;
				CLANG_WARN_UNGUARDED_AVAILABILITY = YES_AGGRESSIVE;
				CLANG_WARN_UNREACHABLE_CODE = YES;
				CLANG_WARN__DUPLICATE_METHOD_MATCH = YES;
				COPY_PHASE_STRIP = NO;
				DEBUG_INFORMATION_FORMAT = dwarf;
				ENABLE_STRICT_OBJC_MSGSEND = YES;
				ENABLE_TESTABILITY = YES;
				GCC_C_LANGUAGE_STANDARD = gnu11;
				GCC_DYNAMIC_NO_PIC = NO;
				GCC_NO_COMMON_BLOCKS = YES;
				GCC_OPTIMIZATION_LEVEL = 0;
				GCC_PREPROCESSOR_DEFINITIONS = (
					"DEBUG=1",
					"$(inherited)",
				);
				GCC_WARN_64_TO_32_BIT_CONVERSION = YES;
				GCC_WARN_ABOUT_RETURN_TYPE = YES_ERROR;
				GCC_WARN_UNDECLARED_SELECTOR = YES;
				GCC_WARN_UNINITIALIZED_AUTOS = YES_AGGRESSIVE;
				GCC_WARN_UNUSED_FUNCTION = YES;
				GCC_WARN_UNUSED_VARIABLE = YES;
				MTL_ENABLE_DEBUG_INFO = INCLUDE_SOURCE;
				MTL_FAST_MATH = YES;
				ONLY_ACTIVE_ARCH = YES;
				SWIFT_ACTIVE_COMPILATION_CONDITIONS = DEBUG;
				SWIFT_OPTIMIZATION_LEVEL = "-Onone";
			};
			name = Debug;
		};
		791840DF290949AA0081977A /* Release */ = {
			isa = XCBuildConfiguration;
			buildSettings = {
				ALWAYS_SEARCH_USER_PATHS = NO;
				CLANG_ANALYZER_NONNULL = YES;
				CLANG_ANALYZER_NUMBER_OBJECT_CONVERSION = YES_AGGRESSIVE;
				CLANG_CXX_LANGUAGE_STANDARD = "gnu++20";
				CLANG_ENABLE_MODULES = YES;
				CLANG_ENABLE_OBJC_ARC = YES;
				CLANG_ENABLE_OBJC_WEAK = YES;
				CLANG_WARN_BLOCK_CAPTURE_AUTORELEASING = YES;
				CLANG_WARN_BOOL_CONVERSION = YES;
				CLANG_WARN_COMMA = YES;
				CLANG_WARN_CONSTANT_CONVERSION = YES;
				CLANG_WARN_DEPRECATED_OBJC_IMPLEMENTATIONS = YES;
				CLANG_WARN_DIRECT_OBJC_ISA_USAGE = YES_ERROR;
				CLANG_WARN_DOCUMENTATION_COMMENTS = YES;
				CLANG_WARN_EMPTY_BODY = YES;
				CLANG_WARN_ENUM_CONVERSION = YES;
				CLANG_WARN_INFINITE_RECURSION = YES;
				CLANG_WARN_INT_CONVERSION = YES;
				CLANG_WARN_NON_LITERAL_NULL_CONVERSION = YES;
				CLANG_WARN_OBJC_IMPLICIT_RETAIN_SELF = YES;
				CLANG_WARN_OBJC_LITERAL_CONVERSION = YES;
				CLANG_WARN_OBJC_ROOT_CLASS = YES_ERROR;
				CLANG_WARN_QUOTED_INCLUDE_IN_FRAMEWORK_HEADER = YES;
				CLANG_WARN_RANGE_LOOP_ANALYSIS = YES;
				CLANG_WARN_STRICT_PROTOTYPES = YES;
				CLANG_WARN_SUSPICIOUS_MOVE = YES;
				CLANG_WARN_UNGUARDED_AVAILABILITY = YES_AGGRESSIVE;
				CLANG_WARN_UNREACHABLE_CODE = YES;
				CLANG_WARN__DUPLICATE_METHOD_MATCH = YES;
				COPY_PHASE_STRIP = NO;
				DEBUG_INFORMATION_FORMAT = "dwarf-with-dsym";
				ENABLE_NS_ASSERTIONS = NO;
				ENABLE_STRICT_OBJC_MSGSEND = YES;
				GCC_C_LANGUAGE_STANDARD = gnu11;
				GCC_NO_COMMON_BLOCKS = YES;
				GCC_WARN_64_TO_32_BIT_CONVERSION = YES;
				GCC_WARN_ABOUT_RETURN_TYPE = YES_ERROR;
				GCC_WARN_UNDECLARED_SELECTOR = YES;
				GCC_WARN_UNINITIALIZED_AUTOS = YES_AGGRESSIVE;
				GCC_WARN_UNUSED_FUNCTION = YES;
				GCC_WARN_UNUSED_VARIABLE = YES;
				MTL_ENABLE_DEBUG_INFO = NO;
				MTL_FAST_MATH = YES;
				SWIFT_COMPILATION_MODE = wholemodule;
				SWIFT_OPTIMIZATION_LEVEL = "-O";
			};
			name = Release;
		};
		791840E1290949AA0081977A /* Debug */ = {
			isa = XCBuildConfiguration;
			buildSettings = {
				ASSETCATALOG_COMPILER_APPICON_NAME = AppIcon;
				ASSETCATALOG_COMPILER_GLOBAL_ACCENT_COLOR_NAME = AccentColor;
				CODE_SIGN_ENTITLEMENTS = multitasking/multitasking.entitlements;
				CODE_SIGN_STYLE = Automatic;
				CURRENT_PROJECT_VERSION = 1;
				DEVELOPMENT_ASSET_PATHS = "\"multitasking/Preview Content\"";
				DEVELOPMENT_TEAM = UGQBX3P3M8;
				ENABLE_HARDENED_RUNTIME = YES;
				ENABLE_PREVIEWS = YES;
				GENERATE_INFOPLIST_FILE = YES;
				"INFOPLIST_KEY_UIApplicationSceneManifest_Generation[sdk=iphoneos*]" = YES;
				"INFOPLIST_KEY_UIApplicationSceneManifest_Generation[sdk=iphonesimulator*]" = YES;
				"INFOPLIST_KEY_UIApplicationSupportsIndirectInputEvents[sdk=iphoneos*]" = YES;
				"INFOPLIST_KEY_UIApplicationSupportsIndirectInputEvents[sdk=iphonesimulator*]" = YES;
				"INFOPLIST_KEY_UILaunchScreen_Generation[sdk=iphoneos*]" = YES;
				"INFOPLIST_KEY_UILaunchScreen_Generation[sdk=iphonesimulator*]" = YES;
				"INFOPLIST_KEY_UIStatusBarStyle[sdk=iphoneos*]" = UIStatusBarStyleDefault;
				"INFOPLIST_KEY_UIStatusBarStyle[sdk=iphonesimulator*]" = UIStatusBarStyleDefault;
				INFOPLIST_KEY_UISupportedInterfaceOrientations_iPad = "UIInterfaceOrientationPortrait UIInterfaceOrientationPortraitUpsideDown UIInterfaceOrientationLandscapeLeft UIInterfaceOrientationLandscapeRight";
				INFOPLIST_KEY_UISupportedInterfaceOrientations_iPhone = "UIInterfaceOrientationPortrait UIInterfaceOrientationLandscapeLeft UIInterfaceOrientationLandscapeRight";
				IPHONEOS_DEPLOYMENT_TARGET = 15.0;
				LD_RUNPATH_SEARCH_PATHS = "@executable_path/Frameworks";
				"LD_RUNPATH_SEARCH_PATHS[sdk=macosx*]" = "@executable_path/../Frameworks";
				MACOSX_DEPLOYMENT_TARGET = 12.3;
				MARKETING_VERSION = 1.0;
				PRODUCT_BUNDLE_IDENTIFIER = hingtattsang.multitasking;
				PRODUCT_NAME = "$(TARGET_NAME)";
				SDKROOT = auto;
				SUPPORTED_PLATFORMS = "iphoneos iphonesimulator macosx";
				SWIFT_EMIT_LOC_STRINGS = YES;
				SWIFT_VERSION = 5.0;
				TARGETED_DEVICE_FAMILY = "1,2";
			};
			name = Debug;
		};
		791840E2290949AA0081977A /* Release */ = {
			isa = XCBuildConfiguration;
			buildSettings = {
				ASSETCATALOG_COMPILER_APPICON_NAME = AppIcon;
				ASSETCATALOG_COMPILER_GLOBAL_ACCENT_COLOR_NAME = AccentColor;
				CODE_SIGN_ENTITLEMENTS = multitasking/multitasking.entitlements;
				CODE_SIGN_STYLE = Automatic;
				CURRENT_PROJECT_VERSION = 1;
				DEVELOPMENT_ASSET_PATHS = "\"multitasking/Preview Content\"";
				DEVELOPMENT_TEAM = UGQBX3P3M8;
				ENABLE_HARDENED_RUNTIME = YES;
				ENABLE_PREVIEWS = YES;
				GENERATE_INFOPLIST_FILE = YES;
				"INFOPLIST_KEY_UIApplicationSceneManifest_Generation[sdk=iphoneos*]" = YES;
				"INFOPLIST_KEY_UIApplicationSceneManifest_Generation[sdk=iphonesimulator*]" = YES;
				"INFOPLIST_KEY_UIApplicationSupportsIndirectInputEvents[sdk=iphoneos*]" = YES;
				"INFOPLIST_KEY_UIApplicationSupportsIndirectInputEvents[sdk=iphonesimulator*]" = YES;
				"INFOPLIST_KEY_UILaunchScreen_Generation[sdk=iphoneos*]" = YES;
				"INFOPLIST_KEY_UILaunchScreen_Generation[sdk=iphonesimulator*]" = YES;
				"INFOPLIST_KEY_UIStatusBarStyle[sdk=iphoneos*]" = UIStatusBarStyleDefault;
				"INFOPLIST_KEY_UIStatusBarStyle[sdk=iphonesimulator*]" = UIStatusBarStyleDefault;
				INFOPLIST_KEY_UISupportedInterfaceOrientations_iPad = "UIInterfaceOrientationPortrait UIInterfaceOrientationPortraitUpsideDown UIInterfaceOrientationLandscapeLeft UIInterfaceOrientationLandscapeRight";
				INFOPLIST_KEY_UISupportedInterfaceOrientations_iPhone = "UIInterfaceOrientationPortrait UIInterfaceOrientationLandscapeLeft UIInterfaceOrientationLandscapeRight";
				IPHONEOS_DEPLOYMENT_TARGET = 15.0;
				LD_RUNPATH_SEARCH_PATHS = "@executable_path/Frameworks";
				"LD_RUNPATH_SEARCH_PATHS[sdk=macosx*]" = "@executable_path/../Frameworks";
				MACOSX_DEPLOYMENT_TARGET = 12.3;
				MARKETING_VERSION = 1.0;
				PRODUCT_BUNDLE_IDENTIFIER = hingtattsang.multitasking;
				PRODUCT_NAME = "$(TARGET_NAME)";
				SDKROOT = auto;
				SUPPORTED_PLATFORMS = "iphoneos iphonesimulator macosx";
				SWIFT_EMIT_LOC_STRINGS = YES;
				SWIFT_VERSION = 5.0;
				TARGETED_DEVICE_FAMILY = "1,2";
			};
			name = Release;
		};
		791840E4290949AA0081977A /* Debug */ = {
			isa = XCBuildConfiguration;
			buildSettings = {
				ALWAYS_EMBED_SWIFT_STANDARD_LIBRARIES = YES;
				BUNDLE_LOADER = "$(TEST_HOST)";
				CODE_SIGN_STYLE = Automatic;
				CURRENT_PROJECT_VERSION = 1;
				DEVELOPMENT_TEAM = UGQBX3P3M8;
				GENERATE_INFOPLIST_FILE = YES;
				IPHONEOS_DEPLOYMENT_TARGET = 16.0;
				MACOSX_DEPLOYMENT_TARGET = 12.3;
				MARKETING_VERSION = 1.0;
				PRODUCT_BUNDLE_IDENTIFIER = hingtattsang.multitaskingTests;
				PRODUCT_NAME = "$(TARGET_NAME)";
				SDKROOT = auto;
				SUPPORTED_PLATFORMS = "iphoneos iphonesimulator macosx";
				SWIFT_EMIT_LOC_STRINGS = NO;
				SWIFT_VERSION = 5.0;
				TARGETED_DEVICE_FAMILY = "1,2";
				TEST_HOST = "$(BUILT_PRODUCTS_DIR)/multitasking.app/$(BUNDLE_EXECUTABLE_FOLDER_PATH)/multitasking";
			};
			name = Debug;
		};
		791840E5290949AA0081977A /* Release */ = {
			isa = XCBuildConfiguration;
			buildSettings = {
				ALWAYS_EMBED_SWIFT_STANDARD_LIBRARIES = YES;
				BUNDLE_LOADER = "$(TEST_HOST)";
				CODE_SIGN_STYLE = Automatic;
				CURRENT_PROJECT_VERSION = 1;
				DEVELOPMENT_TEAM = UGQBX3P3M8;
				GENERATE_INFOPLIST_FILE = YES;
				IPHONEOS_DEPLOYMENT_TARGET = 16.0;
				MACOSX_DEPLOYMENT_TARGET = 12.3;
				MARKETING_VERSION = 1.0;
				PRODUCT_BUNDLE_IDENTIFIER = hingtattsang.multitaskingTests;
				PRODUCT_NAME = "$(TARGET_NAME)";
				SDKROOT = auto;
				SUPPORTED_PLATFORMS = "iphoneos iphonesimulator macosx";
				SWIFT_EMIT_LOC_STRINGS = NO;
				SWIFT_VERSION = 5.0;
				TARGETED_DEVICE_FAMILY = "1,2";
				TEST_HOST = "$(BUILT_PRODUCTS_DIR)/multitasking.app/$(BUNDLE_EXECUTABLE_FOLDER_PATH)/multitasking";
			};
			name = Release;
		};
		791840E7290949AA0081977A /* Debug */ = {
			isa = XCBuildConfiguration;
			buildSettings = {
				ALWAYS_EMBED_SWIFT_STANDARD_LIBRARIES = YES;
				CODE_SIGN_STYLE = Automatic;
				CURRENT_PROJECT_VERSION = 1;
				DEVELOPMENT_TEAM = UGQBX3P3M8;
				GENERATE_INFOPLIST_FILE = YES;
				IPHONEOS_DEPLOYMENT_TARGET = 16.0;
				MACOSX_DEPLOYMENT_TARGET = 12.3;
				MARKETING_VERSION = 1.0;
				PRODUCT_BUNDLE_IDENTIFIER = hingtattsang.multitaskingUITests;
				PRODUCT_NAME = "$(TARGET_NAME)";
				SDKROOT = auto;
				SUPPORTED_PLATFORMS = "iphoneos iphonesimulator macosx";
				SWIFT_EMIT_LOC_STRINGS = NO;
				SWIFT_VERSION = 5.0;
				TARGETED_DEVICE_FAMILY = "1,2";
				TEST_TARGET_NAME = multitasking;
			};
			name = Debug;
		};
		791840E8290949AA0081977A /* Release */ = {
			isa = XCBuildConfiguration;
			buildSettings = {
				ALWAYS_EMBED_SWIFT_STANDARD_LIBRARIES = YES;
				CODE_SIGN_STYLE = Automatic;
				CURRENT_PROJECT_VERSION = 1;
				DEVELOPMENT_TEAM = UGQBX3P3M8;
				GENERATE_INFOPLIST_FILE = YES;
				IPHONEOS_DEPLOYMENT_TARGET = 16.0;
				MACOSX_DEPLOYMENT_TARGET = 12.3;
				MARKETING_VERSION = 1.0;
				PRODUCT_BUNDLE_IDENTIFIER = hingtattsang.multitaskingUITests;
				PRODUCT_NAME = "$(TARGET_NAME)";
				SDKROOT = auto;
				SUPPORTED_PLATFORMS = "iphoneos iphonesimulator macosx";
				SWIFT_EMIT_LOC_STRINGS = NO;
				SWIFT_VERSION = 5.0;
				TARGETED_DEVICE_FAMILY = "1,2";
				TEST_TARGET_NAME = multitasking;
			};
			name = Release;
		};
/* End XCBuildConfiguration section */

/* Begin XCConfigurationList section */
		791840B6290949A90081977A /* Build configuration list for PBXProject "multitasking" */ = {
			isa = XCConfigurationList;
			buildConfigurations = (
				791840DE290949AA0081977A /* Debug */,
				791840DF290949AA0081977A /* Release */,
			);
			defaultConfigurationIsVisible = 0;
			defaultConfigurationName = Release;
		};
		791840E0290949AA0081977A /* Build configuration list for PBXNativeTarget "multitasking" */ = {
			isa = XCConfigurationList;
			buildConfigurations = (
				791840E1290949AA0081977A /* Debug */,
				791840E2290949AA0081977A /* Release */,
			);
			defaultConfigurationIsVisible = 0;
			defaultConfigurationName = Release;
		};
		791840E3290949AA0081977A /* Build configuration list for PBXNativeTarget "multitaskingTests" */ = {
			isa = XCConfigurationList;
			buildConfigurations = (
				791840E4290949AA0081977A /* Debug */,
				791840E5290949AA0081977A /* Release */,
			);
			defaultConfigurationIsVisible = 0;
			defaultConfigurationName = Release;
		};
		791840E6290949AA0081977A /* Build configuration list for PBXNativeTarget "multitaskingUITests" */ = {
			isa = XCConfigurationList;
			buildConfigurations = (
				791840E7290949AA0081977A /* Debug */,
				791840E8290949AA0081977A /* Release */,
			);
			defaultConfigurationIsVisible = 0;
			defaultConfigurationName = Release;
		};
/* End XCConfigurationList section */

/* Begin XCRemoteSwiftPackageReference section */
		791840E9290958B50081977A /* XCRemoteSwiftPackageReference "SwiftUI-WebView" */ = {
			isa = XCRemoteSwiftPackageReference;
			repositoryURL = "https://github.com/kylehickinson/SwiftUI-WebView";
			requirement = {
				kind = upToNextMajorVersion;
				minimumVersion = 0.3.0;
			};
		};
/* End XCRemoteSwiftPackageReference section */

/* Begin XCSwiftPackageProductDependency section */
		791840EA290958B50081977A /* WebView */ = {
			isa = XCSwiftPackageProductDependency;
			package = 791840E9290958B50081977A /* XCRemoteSwiftPackageReference "SwiftUI-WebView" */;
			productName = WebView;
		};
/* End XCSwiftPackageProductDependency section */
	};
	rootObject = 791840B3290949A90081977A /* Project object */;
}
